<?xml version="1.0" encoding="utf-8"?>
<Project ToolsVersion="4.0" xmlns="http://schemas.microsoft.com/developer/msbuild/2003">
  <ItemGroup>
    <ClCompile Include="App.cpp" />
    <ClCompile Include="Common\Framework3\Platform.cpp">
      <Filter>Framework3</Filter>
    </ClCompile>
    <ClCompile Include="Common\Framework3\Renderer.cpp">
      <Filter>Framework3</Filter>
    </ClCompile>
    <ClCompile Include="Common\Framework3\BaseApp.cpp">
      <Filter>Framework3</Filter>
    </ClCompile>
    <ClCompile Include="Common\Framework3\Config.cpp">
      <Filter>Framework3</Filter>
    </ClCompile>
    <ClCompile Include="Common\Framework3\CPU.cpp">
      <Filter>Framework3</Filter>
    </ClCompile>
    <ClCompile Include="Common\Framework3\Util\Tokenizer.cpp">
      <Filter>Framework3\Util</Filter>
    </ClCompile>
    <ClCompile Include="Common\Framework3\Util\String.cpp">
      <Filter>Framework3\Util</Filter>
    </ClCompile>
    <ClCompile Include="Common\Framework3\Windows\WindowsBase.cpp">
      <Filter>Framework3\Windows</Filter>
    </ClCompile>
    <ClCompile Include="Common\Framework3\Direct3D10\D3D10App.cpp">
      <Filter>Framework3\D3D10</Filter>
    </ClCompile>
    <ClCompile Include="Common\Framework3\Direct3D10\Direct3D10Renderer.cpp">
      <Filter>Framework3\D3D10</Filter>
    </ClCompile>
    <ClCompile Include="Common\Framework3\Imaging\Image.cpp">
      <Filter>Framework3\Imaging</Filter>
    </ClCompile>
    <ClCompile Include="Common\Framework3\Math\Vector.cpp">
      <Filter>Framework3\Math</Filter>
    </ClCompile>
    <ClCompile Include="Common\Framework3\GUI\Dialog.cpp">
      <Filter>Framework3\GUI</Filter>
    </ClCompile>
    <ClCompile Include="Common\Framework3\GUI\DropDownList.cpp">
      <Filter>Framework3\GUI</Filter>
    </ClCompile>
    <ClCompile Include="Common\Framework3\GUI\Label.cpp">
      <Filter>Framework3\GUI</Filter>
    </ClCompile>
    <ClCompile Include="Common\Framework3\GUI\Slider.cpp">
      <Filter>Framework3\GUI</Filter>
    </ClCompile>
    <ClCompile Include="Common\Framework3\GUI\Widget.cpp">
      <Filter>Framework3\GUI</Filter>
    </ClCompile>
    <ClCompile Include="Common\Framework3\GUI\Button.cpp">
      <Filter>Framework3\GUI</Filter>
    </ClCompile>
    <ClCompile Include="Common\Framework3\GUI\CheckBox.cpp">
      <Filter>Framework3\GUI</Filter>
    </ClCompile>
    <ClCompile Include="AssMan.cpp">
      <Filter>Assets</Filter>
    </ClCompile>
    <ClCompile Include="GCModel.cpp">
      <Filter>Assets</Filter>
    </ClCompile>
    <ClCompile Include="Package.cpp">
      <Filter>Assets</Filter>
    </ClCompile>
  </ItemGroup>
  <ItemGroup>
    <ClInclude Include="App.h" />
    <ClInclude Include="Common\Framework3\Platform.h">
      <Filter>Framework3</Filter>
    </ClInclude>
    <ClInclude Include="Common\Framework3\Renderer.h">
      <Filter>Framework3</Filter>
    </ClInclude>
    <ClInclude Include="Common\Framework3\BaseApp.h">
      <Filter>Framework3</Filter>
    </ClInclude>
    <ClInclude Include="Common\Framework3\Config.h">
      <Filter>Framework3</Filter>
    </ClInclude>
    <ClInclude Include="Common\Framework3\CPU.h">
      <Filter>Framework3</Filter>
    </ClInclude>
    <ClInclude Include="Common\Framework3\Util\Tokenizer.h">
      <Filter>Framework3\Util</Filter>
    </ClInclude>
    <ClInclude Include="Common\Framework3\Util\Array.h">
      <Filter>Framework3\Util</Filter>
    </ClInclude>
    <ClInclude Include="Common\Framework3\Util\String.h">
      <Filter>Framework3\Util</Filter>
    </ClInclude>
    <ClInclude Include="Common\Framework3\Windows\resource.h">
      <Filter>Framework3\Windows</Filter>
    </ClInclude>
    <ClInclude Include="Common\Framework3\Direct3D10\Direct3D10Renderer.h">
      <Filter>Framework3\D3D10</Filter>
    </ClInclude>
    <ClInclude Include="Common\Framework3\Direct3D10\D3D10App.h">
      <Filter>Framework3\D3D10</Filter>
    </ClInclude>
    <ClInclude Include="Common\Framework3\Imaging\png.h">
      <Filter>Framework3\Imaging</Filter>
    </ClInclude>
    <ClInclude Include="Common\Framework3\Imaging\pngconf.h">
      <Filter>Framework3\Imaging</Filter>
    </ClInclude>
    <ClInclude Include="Common\Framework3\Imaging\zconf.h">
      <Filter>Framework3\Imaging</Filter>
    </ClInclude>
    <ClInclude Include="Common\Framework3\Imaging\zlib.h">
      <Filter>Framework3\Imaging</Filter>
    </ClInclude>
    <ClInclude Include="Common\Framework3\Imaging\Image.h">
      <Filter>Framework3\Imaging</Filter>
    </ClInclude>
    <ClInclude Include="Common\Framework3\Imaging\jconfig.h">
      <Filter>Framework3\Imaging</Filter>
    </ClInclude>
    <ClInclude Include="Common\Framework3\Imaging\jmorecfg.h">
      <Filter>Framework3\Imaging</Filter>
    </ClInclude>
    <ClInclude Include="Common\Framework3\Imaging\jpeglib.h">
      <Filter>Framework3\Imaging</Filter>
    </ClInclude>
    <ClInclude Include="Common\Framework3\Math\Vector.h">
      <Filter>Framework3\Math</Filter>
    </ClInclude>
    <ClInclude Include="Common\Framework3\GUI\Dialog.h">
      <Filter>Framework3\GUI</Filter>
    </ClInclude>
    <ClInclude Include="Common\Framework3\GUI\DropDownList.h">
      <Filter>Framework3\GUI</Filter>
    </ClInclude>
    <ClInclude Include="Common\Framework3\GUI\Label.h">
      <Filter>Framework3\GUI</Filter>
    </ClInclude>
    <ClInclude Include="Common\Framework3\GUI\Slider.h">
      <Filter>Framework3\GUI</Filter>
    </ClInclude>
    <ClInclude Include="Common\Framework3\GUI\Widget.h">
      <Filter>Framework3\GUI</Filter>
    </ClInclude>
    <ClInclude Include="Common\Framework3\GUI\Button.h">
      <Filter>Framework3\GUI</Filter>
    </ClInclude>
    <ClInclude Include="Common\Framework3\GUI\CheckBox.h">
      <Filter>Framework3\GUI</Filter>
    </ClInclude>
    <ClInclude Include="Common\common.h">
      <Filter>Headers</Filter>
    </ClInclude>
    <ClInclude Include="Common\gccommon.h">
      <Filter>Headers</Filter>
    </ClInclude>
    <ClInclude Include="Common\gcio.h">
      <Filter>Headers</Filter>
    </ClInclude>
    <ClInclude Include="Package.h">
      <Filter>Assets</Filter>
    </ClInclude>
    <ClInclude Include="GCModel.h">
      <Filter>Assets</Filter>
    </ClInclude>
    <ClInclude Include="AssMan.h">
      <Filter>Assets</Filter>
    </ClInclude>
    <ClInclude Include="Asset.h">
      <Filter>Assets</Filter>
    </ClInclude>
    <ClInclude Include="GCD3D.h" />
    <ClInclude Include="util.h">
      <Filter>Headers</Filter>
    </ClInclude>
  </ItemGroup>
  <ItemGroup>
    <Filter Include="Framework3">
      <UniqueIdentifier>{7b0582b7-1f5a-4354-99ab-d6737c2de965}</UniqueIdentifier>
    </Filter>
    <Filter Include="Framework3\Math">
      <UniqueIdentifier>{4f5e69ec-6278-4246-af72-67db32855d89}</UniqueIdentifier>
    </Filter>
    <Filter Include="Framework3\GUI">
      <UniqueIdentifier>{13a2d65c-24c1-4063-91d5-5c6a7bcde602}</UniqueIdentifier>
    </Filter>
    <Filter Include="Framework3\Imaging">
      <UniqueIdentifier>{c4d38b97-e61d-4b49-8f03-3ed0e768d7eb}</UniqueIdentifier>
    </Filter>
    <Filter Include="Framework3\Util">
      <UniqueIdentifier>{7dacd7e0-a02c-41db-b927-327629f183fc}</UniqueIdentifier>
    </Filter>
    <Filter Include="Framework3\Windows">
      <UniqueIdentifier>{90c39167-9059-42f1-9f33-1b12e094f8bf}</UniqueIdentifier>
    </Filter>
    <Filter Include="Framework3\D3D10">
      <UniqueIdentifier>{6c2d8372-702b-4466-b509-f1a7abffe355}</UniqueIdentifier>
    </Filter>
    <Filter Include="Headers">
      <UniqueIdentifier>{d4dd1e8f-a832-47ba-a3f1-c45310ad9121}</UniqueIdentifier>
    </Filter>
    <Filter Include="Assets">
      <UniqueIdentifier>{dfa51ade-28f6-4cb5-8ccc-0fc74755e68e}</UniqueIdentifier>
    </Filter>
    <Filter Include="Shaders">
      <UniqueIdentifier>{c755a62b-2fee-40ca-8bb4-e7ad0f18c973}</UniqueIdentifier>
    </Filter>
  </ItemGroup>
  <ItemGroup>
    <None Include="Common\Framework3\Windows\Resources.aps">
      <Filter>Framework3\Windows</Filter>
    </None>
    <None Include="Vertices.shd">
      <Filter>Shaders</Filter>
    </None>
  </ItemGroup>
  <ItemGroup>
    <ResourceCompile Include="Common\Framework3\Windows\Resources.rc">
      <Filter>Framework3\Windows</Filter>
    </ResourceCompile>
  </ItemGroup>
  <ItemGroup>
    <Image Include="Common\Framework3\Windows\mainicon.ico">
      <Filter>Framework3\Windows</Filter>
    </Image>
  </ItemGroup>
</Project>