
Microsoft Visual Studio Solution File, Format Version 12.00
# Visual Studio 2012
Project("{8BC9CEB8-8B4A-11D0-8D11-00A0C91BC942}") = "RarcRead", "RarcRead\RarcRead.vcxproj", "{7E96DFBC-FABB-47FC-9617-79C98FB671F9}"
EndProject
Project("{8BC9CEB8-8B4A-11D0-8D11-00A0C91BC942}") = "YAZ0Decode", "YAZ0Decode\YAZ0Decode.vcxproj", "{D2F67364-AA3C-47CE-835B-46E57F1C00CF}"
EndProject
Project("{8BC9CEB8-8B4A-11D0-8D11-00A0C91BC942}") = "Engine", "Engine\Engine.vcxproj", "{C67796B3-899D-4AAA-B626-1BBF89887457}"
EndProject
Project("{8BC9CEB8-8B4A-11D0-8D11-00A0C91BC942}") = "BMDLoad", "BMDLoad\BMDLoad.vcxproj", "{8D60E9DA-3F12-4827-A788-70B5317DEC58}"
EndProject
Project("{8BC9CEB8-8B4A-11D0-8D11-00A0C91BC942}") = "Framework3", "Framework3\Framework3.vcxproj", "{ADF87DBE-89FE-490B-ABFD-3A5A48CA517E}"
EndProject
Project("{8BC9CEB8-8B4A-11D0-8D11-00A0C91BC942}") = "Foundation", "Foundation\Foundation.vcxproj", "{D03C0D38-C68B-4484-975E-323092A102FB}"
EndProject
Project("{8BC9CEB8-8B4A-11D0-8D11-00A0C91BC942}") = "JsonCpp", "JsonCpp\JsonCpp.vcxproj", "{123422D4-BA11-482C-8360-6B59D16B77B6}"
EndProject
Project("{8BC9CEB8-8B4A-11D0-8D11-00A0C91BC942}") = "Interpreter", "Interpreter\Interpreter.vcxproj", "{C2FA2BD7-5B34-41FF-A9FB-FDB029C8D2E8}"
EndProject
Project("{8BC9CEB8-8B4A-11D0-8D11-00A0C91BC942}") = "BMDRead", "BMDRead\BMDRead.vcxproj", "{761DD731-6F63-4076-8605-63F59C53808E}"
EndProject
Global
	GlobalSection(SolutionConfigurationPlatforms) = preSolution
		Debug|ARM = Debug|ARM
		Debug|Win32 = Debug|Win32
		Debug|x64 = Debug|x64
		Release|ARM = Release|ARM
		Release|Win32 = Release|Win32
		Release|x64 = Release|x64
	EndGlobalSection
	GlobalSection(ProjectConfigurationPlatforms) = postSolution
		{7E96DFBC-FABB-47FC-9617-79C98FB671F9}.Debug|ARM.ActiveCfg = Debug|Win32
		{7E96DFBC-FABB-47FC-9617-79C98FB671F9}.Debug|Win32.ActiveCfg = Debug|Win32
		{7E96DFBC-FABB-47FC-9617-79C98FB671F9}.Debug|Win32.Build.0 = Debug|Win32
		{7E96DFBC-FABB-47FC-9617-79C98FB671F9}.Debug|x64.ActiveCfg = Debug|Win32
		{7E96DFBC-FABB-47FC-9617-79C98FB671F9}.Release|ARM.ActiveCfg = Release|Win32
		{7E96DFBC-FABB-47FC-9617-79C98FB671F9}.Release|Win32.ActiveCfg = Release|Win32
		{7E96DFBC-FABB-47FC-9617-79C98FB671F9}.Release|Win32.Build.0 = Release|Win32
		{7E96DFBC-FABB-47FC-9617-79C98FB671F9}.Release|x64.ActiveCfg = Release|Win32
		{D2F67364-AA3C-47CE-835B-46E57F1C00CF}.Debug|ARM.ActiveCfg = Debug|Win32
		{D2F67364-AA3C-47CE-835B-46E57F1C00CF}.Debug|Win32.ActiveCfg = Debug|Win32
		{D2F67364-AA3C-47CE-835B-46E57F1C00CF}.Debug|Win32.Build.0 = Debug|Win32
		{D2F67364-AA3C-47CE-835B-46E57F1C00CF}.Debug|x64.ActiveCfg = Debug|Win32
		{D2F67364-AA3C-47CE-835B-46E57F1C00CF}.Release|ARM.ActiveCfg = Release|Win32
		{D2F67364-AA3C-47CE-835B-46E57F1C00CF}.Release|Win32.ActiveCfg = Release|Win32
		{D2F67364-AA3C-47CE-835B-46E57F1C00CF}.Release|Win32.Build.0 = Release|Win32
		{D2F67364-AA3C-47CE-835B-46E57F1C00CF}.Release|x64.ActiveCfg = Release|Win32
		{C67796B3-899D-4AAA-B626-1BBF89887457}.Debug|ARM.ActiveCfg = Debug|Win32
		{C67796B3-899D-4AAA-B626-1BBF89887457}.Debug|Win32.ActiveCfg = Debug|Win32
		{C67796B3-899D-4AAA-B626-1BBF89887457}.Debug|Win32.Build.0 = Debug|Win32
		{C67796B3-899D-4AAA-B626-1BBF89887457}.Debug|x64.ActiveCfg = Debug|Win32
		{C67796B3-899D-4AAA-B626-1BBF89887457}.Release|ARM.ActiveCfg = Release|Win32
		{C67796B3-899D-4AAA-B626-1BBF89887457}.Release|Win32.ActiveCfg = Release|Win32
		{C67796B3-899D-4AAA-B626-1BBF89887457}.Release|Win32.Build.0 = Release|Win32
		{C67796B3-899D-4AAA-B626-1BBF89887457}.Release|x64.ActiveCfg = Release|Win32
		{8D60E9DA-3F12-4827-A788-70B5317DEC58}.Debug|ARM.ActiveCfg = Debug|Win32
		{8D60E9DA-3F12-4827-A788-70B5317DEC58}.Debug|Win32.ActiveCfg = Debug|Win32
		{8D60E9DA-3F12-4827-A788-70B5317DEC58}.Debug|Win32.Build.0 = Debug|Win32
		{8D60E9DA-3F12-4827-A788-70B5317DEC58}.Debug|x64.ActiveCfg = Debug|Win32
		{8D60E9DA-3F12-4827-A788-70B5317DEC58}.Release|ARM.ActiveCfg = Release|Win32
		{8D60E9DA-3F12-4827-A788-70B5317DEC58}.Release|Win32.ActiveCfg = Release|Win32
		{8D60E9DA-3F12-4827-A788-70B5317DEC58}.Release|Win32.Build.0 = Release|Win32
		{8D60E9DA-3F12-4827-A788-70B5317DEC58}.Release|x64.ActiveCfg = Release|Win32
		{ADF87DBE-89FE-490B-ABFD-3A5A48CA517E}.Debug|ARM.ActiveCfg = Debug|Win32
		{ADF87DBE-89FE-490B-ABFD-3A5A48CA517E}.Debug|Win32.ActiveCfg = Debug|Win32
		{ADF87DBE-89FE-490B-ABFD-3A5A48CA517E}.Debug|Win32.Build.0 = Debug|Win32
		{ADF87DBE-89FE-490B-ABFD-3A5A48CA517E}.Debug|x64.ActiveCfg = Debug|Win32
		{ADF87DBE-89FE-490B-ABFD-3A5A48CA517E}.Release|ARM.ActiveCfg = Release|Win32
		{ADF87DBE-89FE-490B-ABFD-3A5A48CA517E}.Release|Win32.ActiveCfg = Release|Win32
		{ADF87DBE-89FE-490B-ABFD-3A5A48CA517E}.Release|Win32.Build.0 = Release|Win32
		{ADF87DBE-89FE-490B-ABFD-3A5A48CA517E}.Release|x64.ActiveCfg = Release|Win32
		{D03C0D38-C68B-4484-975E-323092A102FB}.Debug|ARM.ActiveCfg = Debug|Win32
		{D03C0D38-C68B-4484-975E-323092A102FB}.Debug|Win32.ActiveCfg = Debug|Win32
		{D03C0D38-C68B-4484-975E-323092A102FB}.Debug|Win32.Build.0 = Debug|Win32
		{D03C0D38-C68B-4484-975E-323092A102FB}.Debug|x64.ActiveCfg = Debug|Win32
		{D03C0D38-C68B-4484-975E-323092A102FB}.Release|ARM.ActiveCfg = Release|Win32
		{D03C0D38-C68B-4484-975E-323092A102FB}.Release|Win32.ActiveCfg = Release|Win32
		{D03C0D38-C68B-4484-975E-323092A102FB}.Release|Win32.Build.0 = Release|Win32
		{D03C0D38-C68B-4484-975E-323092A102FB}.Release|x64.ActiveCfg = Release|Win32
		{123422D4-BA11-482C-8360-6B59D16B77B6}.Debug|ARM.ActiveCfg = Debug|Win32
		{123422D4-BA11-482C-8360-6B59D16B77B6}.Debug|Win32.ActiveCfg = Debug|Win32
		{123422D4-BA11-482C-8360-6B59D16B77B6}.Debug|Win32.Build.0 = Debug|Win32
		{123422D4-BA11-482C-8360-6B59D16B77B6}.Debug|x64.ActiveCfg = Debug|x64
		{123422D4-BA11-482C-8360-6B59D16B77B6}.Debug|x64.Build.0 = Debug|x64
		{123422D4-BA11-482C-8360-6B59D16B77B6}.Release|ARM.ActiveCfg = Release|Win32
		{123422D4-BA11-482C-8360-6B59D16B77B6}.Release|Win32.ActiveCfg = Release|Win32
		{123422D4-BA11-482C-8360-6B59D16B77B6}.Release|Win32.Build.0 = Release|Win32
		{123422D4-BA11-482C-8360-6B59D16B77B6}.Release|x64.ActiveCfg = Release|x64
		{123422D4-BA11-482C-8360-6B59D16B77B6}.Release|x64.Build.0 = Release|x64
		{C2FA2BD7-5B34-41FF-A9FB-FDB029C8D2E8}.Debug|ARM.ActiveCfg = Debug|Win32
		{C2FA2BD7-5B34-41FF-A9FB-FDB029C8D2E8}.Debug|Win32.ActiveCfg = Debug|Win32
		{C2FA2BD7-5B34-41FF-A9FB-FDB029C8D2E8}.Debug|Win32.Build.0 = Debug|Win32
		{C2FA2BD7-5B34-41FF-A9FB-FDB029C8D2E8}.Debug|x64.ActiveCfg = Debug|Win32
		{C2FA2BD7-5B34-41FF-A9FB-FDB029C8D2E8}.Release|ARM.ActiveCfg = Release|Win32
		{C2FA2BD7-5B34-41FF-A9FB-FDB029C8D2E8}.Release|Win32.ActiveCfg = Release|Win32
		{C2FA2BD7-5B34-41FF-A9FB-FDB029C8D2E8}.Release|Win32.Build.0 = Release|Win32
		{C2FA2BD7-5B34-41FF-A9FB-FDB029C8D2E8}.Release|x64.ActiveCfg = Release|Win32
		{761DD731-6F63-4076-8605-63F59C53808E}.Debug|ARM.ActiveCfg = Debug|Win32
		{761DD731-6F63-4076-8605-63F59C53808E}.Debug|Win32.ActiveCfg = Debug|Win32
		{761DD731-6F63-4076-8605-63F59C53808E}.Debug|Win32.Build.0 = Debug|Win32
		{761DD731-6F63-4076-8605-63F59C53808E}.Debug|x64.ActiveCfg = Debug|Win32
		{761DD731-6F63-4076-8605-63F59C53808E}.Release|ARM.ActiveCfg = Release|Win32
		{761DD731-6F63-4076-8605-63F59C53808E}.Release|Win32.ActiveCfg = Release|Win32
		{761DD731-6F63-4076-8605-63F59C53808E}.Release|Win32.Build.0 = Release|Win32
		{761DD731-6F63-4076-8605-63F59C53808E}.Release|x64.ActiveCfg = Release|Win32
	EndGlobalSection
	GlobalSection(SolutionProperties) = preSolution
		HideSolutionNode = FALSE
	EndGlobalSection
EndGlobal
