<?xml version="1.0" encoding="utf-8"?>
<Project ToolsVersion="4.0" xmlns="http://schemas.microsoft.com/developer/msbuild/2003">
  <ItemGroup>
    <Filter Include="Source Files">
      <UniqueIdentifier>{4FC737F1-C7A5-4376-A066-2A32D752A2FF}</UniqueIdentifier>
      <Extensions>cpp;c;cc;cxx;def;odl;idl;hpj;bat;asm;asmx</Extensions>
    </Filter>
    <Filter Include="Header Files">
      <UniqueIdentifier>{93995380-89BD-4b04-88EB-625FBE52EBFB}</UniqueIdentifier>
      <Extensions>h;hh;hpp;hxx;hm;inl;inc;xsd</Extensions>
    </Filter>
    <Filter Include="Resource Files">
      <UniqueIdentifier>{67DA6AB6-F800-4c08-8B7A-83BB121AAD01}</UniqueIdentifier>
      <Extensions>rc;ico;cur;bmp;dlg;rc2;rct;bin;rgs;gif;jpg;jpeg;jpe;resx;tiff;tif;png;wav</Extensions>
    </Filter>
  </ItemGroup>
  <ItemGroup>
    <ClCompile Include="..\libs\framework3\BaseApp.cpp">
      <Filter>Source Files</Filter>
    </ClCompile>
    <ClCompile Include="..\libs\framework3\Config.cpp">
      <Filter>Source Files</Filter>
    </ClCompile>
    <ClCompile Include="..\libs\framework3\CPU.cpp">
      <Filter>Source Files</Filter>
    </ClCompile>
    <ClCompile Include="..\libs\framework3\Platform.cpp">
      <Filter>Source Files</Filter>
    </ClCompile>
    <ClCompile Include="..\libs\framework3\Renderer.cpp">
      <Filter>Source Files</Filter>
    </ClCompile>
    <ClCompile Include="..\libs\framework3\audio\Audio.cpp">
      <Filter>Source Files</Filter>
    </ClCompile>
    <ClCompile Include="..\libs\framework3\direct3d10\D3D10App.cpp">
      <Filter>Source Files</Filter>
    </ClCompile>
    <ClCompile Include="..\libs\framework3\direct3d10\Direct3D10Renderer.cpp">
      <Filter>Source Files</Filter>
    </ClCompile>
    <ClCompile Include="..\libs\framework3\gui\Button.cpp">
      <Filter>Source Files</Filter>
    </ClCompile>
    <ClCompile Include="..\libs\framework3\gui\CheckBox.cpp">
      <Filter>Source Files</Filter>
    </ClCompile>
    <ClCompile Include="..\libs\framework3\gui\Dialog.cpp">
      <Filter>Source Files</Filter>
    </ClCompile>
    <ClCompile Include="..\libs\framework3\gui\DropDownList.cpp">
      <Filter>Source Files</Filter>
    </ClCompile>
    <ClCompile Include="..\libs\framework3\gui\Label.cpp">
      <Filter>Source Files</Filter>
    </ClCompile>
    <ClCompile Include="..\libs\framework3\gui\Slider.cpp">
      <Filter>Source Files</Filter>
    </ClCompile>
    <ClCompile Include="..\libs\framework3\gui\Widget.cpp">
      <Filter>Source Files</Filter>
    </ClCompile>
    <ClCompile Include="..\libs\framework3\imaging\Image.cpp">
      <Filter>Source Files</Filter>
    </ClCompile>
    <ClCompile Include="..\libs\framework3\math\Frustum.cpp">
      <Filter>Source Files</Filter>
    </ClCompile>
    <ClCompile Include="..\libs\framework3\math\MathTools.cpp">
      <Filter>Source Files</Filter>
    </ClCompile>
    <ClCompile Include="..\libs\framework3\math\Noise.cpp">
      <Filter>Source Files</Filter>
    </ClCompile>
    <ClCompile Include="..\libs\framework3\math\Reorder.cpp">
      <Filter>Source Files</Filter>
    </ClCompile>
    <ClCompile Include="..\libs\framework3\math\Scissor.cpp">
      <Filter>Source Files</Filter>
    </ClCompile>
    <ClCompile Include="..\libs\framework3\math\SphericalHarmonics.cpp">
      <Filter>Source Files</Filter>
    </ClCompile>
    <ClCompile Include="..\libs\framework3\math\Vector.cpp">
      <Filter>Source Files</Filter>
    </ClCompile>
    <ClCompile Include="..\libs\framework3\util\BSP.cpp">
      <Filter>Source Files</Filter>
    </ClCompile>
    <ClCompile Include="..\libs\framework3\util\ConvexHull.cpp">
      <Filter>Source Files</Filter>
    </ClCompile>
    <ClCompile Include="..\libs\framework3\util\Model.cpp">
      <Filter>Source Files</Filter>
    </ClCompile>
    <ClCompile Include="..\libs\framework3\util\String.cpp">
      <Filter>Source Files</Filter>
    </ClCompile>
    <ClCompile Include="..\libs\framework3\util\TexturePacker.cpp">
      <Filter>Source Files</Filter>
    </ClCompile>
    <ClCompile Include="..\libs\framework3\util\Thread.cpp">
      <Filter>Source Files</Filter>
    </ClCompile>
    <ClCompile Include="..\libs\framework3\util\Tokenizer.cpp">
      <Filter>Source Files</Filter>
    </ClCompile>
    <ClCompile Include="..\libs\framework3\windows\WindowsBase.cpp">
      <Filter>Source Files</Filter>
    </ClCompile>
  </ItemGroup>
  <ItemGroup>
    <ClInclude Include="..\libs\framework3\BaseApp.h">
      <Filter>Header Files</Filter>
    </ClInclude>
    <ClInclude Include="..\libs\framework3\Config.h">
      <Filter>Header Files</Filter>
    </ClInclude>
    <ClInclude Include="..\libs\framework3\CPU.h">
      <Filter>Header Files</Filter>
    </ClInclude>
    <ClInclude Include="..\libs\framework3\Platform.h">
      <Filter>Header Files</Filter>
    </ClInclude>
    <ClInclude Include="..\libs\framework3\Renderer.h">
      <Filter>Header Files</Filter>
    </ClInclude>
    <ClInclude Include="..\libs\framework3\audio\al.h">
      <Filter>Header Files</Filter>
    </ClInclude>
    <ClInclude Include="..\libs\framework3\audio\alc.h">
      <Filter>Header Files</Filter>
    </ClInclude>
    <ClInclude Include="..\libs\framework3\audio\alut.h">
      <Filter>Header Files</Filter>
    </ClInclude>
    <ClInclude Include="..\libs\framework3\audio\Audio.h">
      <Filter>Header Files</Filter>
    </ClInclude>
    <ClInclude Include="..\libs\framework3\audio\codec.h">
      <Filter>Header Files</Filter>
    </ClInclude>
    <ClInclude Include="..\libs\framework3\audio\os_types.h">
      <Filter>Header Files</Filter>
    </ClInclude>
    <ClInclude Include="..\libs\framework3\audio\vorbisfile.h">
      <Filter>Header Files</Filter>
    </ClInclude>
    <ClInclude Include="..\libs\framework3\direct3d10\D3D10App.h">
      <Filter>Header Files</Filter>
    </ClInclude>
    <ClInclude Include="..\libs\framework3\direct3d10\Direct3D10Renderer.h">
      <Filter>Header Files</Filter>
    </ClInclude>
    <ClInclude Include="..\libs\framework3\gui\Button.h">
      <Filter>Header Files</Filter>
    </ClInclude>
    <ClInclude Include="..\libs\framework3\gui\CheckBox.h">
      <Filter>Header Files</Filter>
    </ClInclude>
    <ClInclude Include="..\libs\framework3\gui\Dialog.h">
      <Filter>Header Files</Filter>
    </ClInclude>
    <ClInclude Include="..\libs\framework3\gui\DropDownList.h">
      <Filter>Header Files</Filter>
    </ClInclude>
    <ClInclude Include="..\libs\framework3\gui\Label.h">
      <Filter>Header Files</Filter>
    </ClInclude>
    <ClInclude Include="..\libs\framework3\gui\Slider.h">
      <Filter>Header Files</Filter>
    </ClInclude>
    <ClInclude Include="..\libs\framework3\gui\Widget.h">
      <Filter>Header Files</Filter>
    </ClInclude>
    <ClInclude Include="..\libs\framework3\imaging\Image.h">
      <Filter>Header Files</Filter>
    </ClInclude>
    <ClInclude Include="..\libs\framework3\imaging\jconfig.h">
      <Filter>Header Files</Filter>
    </ClInclude>
    <ClInclude Include="..\libs\framework3\imaging\jmorecfg.h">
      <Filter>Header Files</Filter>
    </ClInclude>
    <ClInclude Include="..\libs\framework3\imaging\jpeglib.h">
      <Filter>Header Files</Filter>
    </ClInclude>
    <ClInclude Include="..\libs\framework3\imaging\png.h">
      <Filter>Header Files</Filter>
    </ClInclude>
    <ClInclude Include="..\libs\framework3\imaging\pngconf.h">
      <Filter>Header Files</Filter>
    </ClInclude>
    <ClInclude Include="..\libs\framework3\imaging\zconf.h">
      <Filter>Header Files</Filter>
    </ClInclude>
    <ClInclude Include="..\libs\framework3\imaging\zlib.h">
      <Filter>Header Files</Filter>
    </ClInclude>
    <ClInclude Include="..\libs\framework3\math\Frustum.h">
      <Filter>Header Files</Filter>
    </ClInclude>
    <ClInclude Include="..\libs\framework3\math\MathTools.h">
      <Filter>Header Files</Filter>
    </ClInclude>
    <ClInclude Include="..\libs\framework3\math\MyMath.h">
      <Filter>Header Files</Filter>
    </ClInclude>
    <ClInclude Include="..\libs\framework3\math\Noise.h">
      <Filter>Header Files</Filter>
    </ClInclude>
    <ClInclude Include="..\libs\framework3\math\Reorder.h">
      <Filter>Header Files</Filter>
    </ClInclude>
    <ClInclude Include="..\libs\framework3\math\Scissor.h">
      <Filter>Header Files</Filter>
    </ClInclude>
    <ClInclude Include="..\libs\framework3\math\SIMD.h">
      <Filter>Header Files</Filter>
    </ClInclude>
    <ClInclude Include="..\libs\framework3\math\SphericalHarmonics.h">
      <Filter>Header Files</Filter>
    </ClInclude>
    <ClInclude Include="..\libs\framework3\math\Vector.h">
      <Filter>Header Files</Filter>
    </ClInclude>
    <ClInclude Include="..\libs\framework3\util\Array.h">
      <Filter>Header Files</Filter>
    </ClInclude>
    <ClInclude Include="..\libs\framework3\util\BSP.h">
      <Filter>Header Files</Filter>
    </ClInclude>
    <ClInclude Include="..\libs\framework3\util\ConvexHull.h">
      <Filter>Header Files</Filter>
    </ClInclude>
    <ClInclude Include="..\libs\framework3\util\Hash.h">
      <Filter>Header Files</Filter>
    </ClInclude>
    <ClInclude Include="..\libs\framework3\util\KdTree.h">
      <Filter>Header Files</Filter>
    </ClInclude>
    <ClInclude Include="..\libs\framework3\util\Model.h">
      <Filter>Header Files</Filter>
    </ClInclude>
    <ClInclude Include="..\libs\framework3\util\Queue.h">
      <Filter>Header Files</Filter>
    </ClInclude>
    <ClInclude Include="..\libs\framework3\util\String.h">
      <Filter>Header Files</Filter>
    </ClInclude>
    <ClInclude Include="..\libs\framework3\util\TexturePacker.h">
      <Filter>Header Files</Filter>
    </ClInclude>
    <ClInclude Include="..\libs\framework3\util\Thread.h">
      <Filter>Header Files</Filter>
    </ClInclude>
    <ClInclude Include="..\libs\framework3\util\Tokenizer.h">
      <Filter>Header Files</Filter>
    </ClInclude>
    <ClInclude Include="..\libs\framework3\windows\resource.h">
      <Filter>Header Files</Filter>
    </ClInclude>
    <ClInclude Include="..\Libs\Framework3\Debug.h">
      <Filter>Header Files</Filter>
    </ClInclude>
  </ItemGroup>
  <ItemGroup>
    <ResourceCompile Include="..\libs\framework3\windows\Resources.rc">
      <Filter>Resource Files</Filter>
    </ResourceCompile>
  </ItemGroup>
</Project>