
Microsoft Visual Studio Solution File, Format Version 12.00
# Visual Studio 2013
VisualStudioVersion = 12.0.31101.0
MinimumVisualStudioVersion = 10.0.40219.1
Project("{8BC9CEB8-8B4A-11D0-8D11-00A0C91BC942}") = "JsonCpp", "JsonCpp.vcxproj", "{AD1C53CD-7F33-4AFD-A36F-AD7C80AC29A7}"
EndProject
Project("{8BC9CEB8-8B4A-11D0-8D11-00A0C91BC942}") = "Framework3", "Framework3.vcxproj", "{1C0A2B89-B426-405C-8F94-48A38B64EF7E}"
EndProject
Project("{2150E333-8FDC-42A3-9474-1A3956D46DE8}") = "Libs", "Libs", "{05A4CC63-6B80-4D9D-8939-59D7BD876152}"
EndProject
Project("{8BC9CEB8-8B4A-11D0-8D11-00A0C91BC942}") = "Interpreter", "Interpreter.vcxproj", "{97441D16-DC48-4124-8EAF-7533907FEF81}"
	ProjectSection(ProjectDependencies) = postProject
		{AD1C53CD-7F33-4AFD-A36F-AD7C80AC29A7} = {AD1C53CD-7F33-4AFD-A36F-AD7C80AC29A7}
	EndProjectSection
EndProject
Project("{8BC9CEB8-8B4A-11D0-8D11-00A0C91BC942}") = "Engine", "Engine.vcxproj", "{3F4B5F20-DB2E-4A76-A889-DA5923387AF6}"
EndProject
Global
	GlobalSection(SolutionConfigurationPlatforms) = preSolution
		Debug|ARM = Debug|ARM
		Debug|Win32 = Debug|Win32
		Debug|x64 = Debug|x64
		Release|ARM = Release|ARM
		Release|Win32 = Release|Win32
		Release|x64 = Release|x64
	EndGlobalSection
	GlobalSection(ProjectConfigurationPlatforms) = postSolution
		{AD1C53CD-7F33-4AFD-A36F-AD7C80AC29A7}.Debug|ARM.ActiveCfg = Debug|Win32
		{AD1C53CD-7F33-4AFD-A36F-AD7C80AC29A7}.Debug|Win32.ActiveCfg = Debug|Win32
		{AD1C53CD-7F33-4AFD-A36F-AD7C80AC29A7}.Debug|Win32.Build.0 = Debug|Win32
		{AD1C53CD-7F33-4AFD-A36F-AD7C80AC29A7}.Debug|x64.ActiveCfg = Debug|Win32
		{AD1C53CD-7F33-4AFD-A36F-AD7C80AC29A7}.Release|ARM.ActiveCfg = Release|Win32
		{AD1C53CD-7F33-4AFD-A36F-AD7C80AC29A7}.Release|Win32.ActiveCfg = Release|Win32
		{AD1C53CD-7F33-4AFD-A36F-AD7C80AC29A7}.Release|Win32.Build.0 = Release|Win32
		{AD1C53CD-7F33-4AFD-A36F-AD7C80AC29A7}.Release|x64.ActiveCfg = Release|Win32
		{1C0A2B89-B426-405C-8F94-48A38B64EF7E}.Debug|ARM.ActiveCfg = Debug|Win32
		{1C0A2B89-B426-405C-8F94-48A38B64EF7E}.Debug|Win32.ActiveCfg = Debug|Win32
		{1C0A2B89-B426-405C-8F94-48A38B64EF7E}.Debug|Win32.Build.0 = Debug|Win32
		{1C0A2B89-B426-405C-8F94-48A38B64EF7E}.Debug|x64.ActiveCfg = Debug|Win32
		{1C0A2B89-B426-405C-8F94-48A38B64EF7E}.Release|ARM.ActiveCfg = Release|Win32
		{1C0A2B89-B426-405C-8F94-48A38B64EF7E}.Release|Win32.ActiveCfg = Release|Win32
		{1C0A2B89-B426-405C-8F94-48A38B64EF7E}.Release|Win32.Build.0 = Release|Win32
		{1C0A2B89-B426-405C-8F94-48A38B64EF7E}.Release|x64.ActiveCfg = Release|Win32
		{97441D16-DC48-4124-8EAF-7533907FEF81}.Debug|ARM.ActiveCfg = Debug|Win32
		{97441D16-DC48-4124-8EAF-7533907FEF81}.Debug|Win32.ActiveCfg = Debug|Win32
		{97441D16-DC48-4124-8EAF-7533907FEF81}.Debug|Win32.Build.0 = Debug|Win32
		{97441D16-DC48-4124-8EAF-7533907FEF81}.Debug|x64.ActiveCfg = Debug|Win32
		{97441D16-DC48-4124-8EAF-7533907FEF81}.Release|ARM.ActiveCfg = Release|Win32
		{97441D16-DC48-4124-8EAF-7533907FEF81}.Release|Win32.ActiveCfg = Release|Win32
		{97441D16-DC48-4124-8EAF-7533907FEF81}.Release|Win32.Build.0 = Release|Win32
		{97441D16-DC48-4124-8EAF-7533907FEF81}.Release|x64.ActiveCfg = Release|Win32
		{3F4B5F20-DB2E-4A76-A889-DA5923387AF6}.Debug|ARM.ActiveCfg = Debug|Win32
		{3F4B5F20-DB2E-4A76-A889-DA5923387AF6}.Debug|Win32.ActiveCfg = Debug|Win32
		{3F4B5F20-DB2E-4A76-A889-DA5923387AF6}.Debug|Win32.Build.0 = Debug|Win32
		{3F4B5F20-DB2E-4A76-A889-DA5923387AF6}.Debug|x64.ActiveCfg = Debug|Win32
		{3F4B5F20-DB2E-4A76-A889-DA5923387AF6}.Release|ARM.ActiveCfg = Release|Win32
		{3F4B5F20-DB2E-4A76-A889-DA5923387AF6}.Release|Win32.ActiveCfg = Release|Win32
		{3F4B5F20-DB2E-4A76-A889-DA5923387AF6}.Release|Win32.Build.0 = Release|Win32
		{3F4B5F20-DB2E-4A76-A889-DA5923387AF6}.Release|x64.ActiveCfg = Release|Win32
	EndGlobalSection
	GlobalSection(SolutionProperties) = preSolution
		HideSolutionNode = FALSE
	EndGlobalSection
	GlobalSection(NestedProjects) = preSolution
		{AD1C53CD-7F33-4AFD-A36F-AD7C80AC29A7} = {05A4CC63-6B80-4D9D-8939-59D7BD876152}
		{1C0A2B89-B426-405C-8F94-48A38B64EF7E} = {05A4CC63-6B80-4D9D-8939-59D7BD876152}
	EndGlobalSection
EndGlobal
